
Microsoft Visual Studio Solution File, Format Version 12.00
# Visual Studio 15
VisualStudioVersion = 15.0.28307.1082
MinimumVisualStudioVersion = 10.0.40219.1
Project("{FAE04EC0-301F-11D3-BF4B-00C04F79EFBC}") = "GitPlayground", "GitPlayground\GitPlayground.csproj", "{7678A08D-9DD9-4BCD-8FBC-E83FFBF0BBF8}"
EndProject
Global
	GlobalSection(SolutionConfigurationPlatforms) = preSolution
		Debug|Any CPU = Debug|Any CPU
		Release|Any CPU = Release|Any CPU
	EndGlobalSection
	GlobalSection(ProjectConfigurationPlatforms) = postSolution
		{7678A08D-9DD9-4BCD-8FBC-E83FFBF0BBF8}.Debug|Any CPU.ActiveCfg = Debug|Any CPU
		{7678A08D-9DD9-4BCD-8FBC-E83FFBF0BBF8}.Debug|Any CPU.Build.0 = Debug|Any CPU
		{7678A08D-9DD9-4BCD-8FBC-E83FFBF0BBF8}.Release|Any CPU.ActiveCfg = Release|Any CPU
		{7678A08D-9DD9-4BCD-8FBC-E83FFBF0BBF8}.Release|Any CPU.Build.0 = Release|Any CPU
	EndGlobalSection
	GlobalSection(SolutionProperties) = preSolution
		HideSolutionNode = FALSE
	EndGlobalSection
	GlobalSection(ExtensibilityGlobals) = postSolution
		SolutionGuid = {105A2523-6B83-423B-BFE3-C6E50C2DE771}
	EndGlobalSection
EndGlobal
